
Microsoft Visual Studio Solution File, Format Version 12.00
# Visual Studio Version 17
VisualStudioVersion = 17.8.34330.188
MinimumVisualStudioVersion = 10.0.40219.1
Project("{FAE04EC0-301F-11D3-BF4B-00C04F79EFBC}") = "PersonalBrand.API", "PersonalBrand.API\PersonalBrand.API.csproj", "{8DC418EC-2236-4768-A9ED-D7C018B95839}"
EndProject
Project("{FAE04EC0-301F-11D3-BF4B-00C04F79EFBC}") = "PersonalBrand.Domain", "..\PersonalBrand.Domain\PersonalBrand.Domain.csproj", "{1006F6DE-313C-4129-A376-1E7A96572BBB}"
EndProject
Project("{FAE04EC0-301F-11D3-BF4B-00C04F79EFBC}") = "PersonalBrand.Infrastructure", "..\PersonalBrand.Infrastructure\PersonalBrand.Infrastructure.csproj", "{65F2C620-B60C-4A03-9567-4355506B73D5}"
EndProject
Project("{FAE04EC0-301F-11D3-BF4B-00C04F79EFBC}") = "PersonalBrand.Application", "..\PersonalBrand.Application\PersonalBrand.Application.csproj", "{8AB83E9D-79C6-4209-8DD5-F47E497400F5}"
EndProject
Global
	GlobalSection(SolutionConfigurationPlatforms) = preSolution
		Debug|Any CPU = Debug|Any CPU
		Release|Any CPU = Release|Any CPU
	EndGlobalSection
	GlobalSection(ProjectConfigurationPlatforms) = postSolution
		{8DC418EC-2236-4768-A9ED-D7C018B95839}.Debug|Any CPU.ActiveCfg = Debug|Any CPU
		{8DC418EC-2236-4768-A9ED-D7C018B95839}.Debug|Any CPU.Build.0 = Debug|Any CPU
		{8DC418EC-2236-4768-A9ED-D7C018B95839}.Release|Any CPU.ActiveCfg = Release|Any CPU
		{8DC418EC-2236-4768-A9ED-D7C018B95839}.Release|Any CPU.Build.0 = Release|Any CPU
		{1006F6DE-313C-4129-A376-1E7A96572BBB}.Debug|Any CPU.ActiveCfg = Debug|Any CPU
		{1006F6DE-313C-4129-A376-1E7A96572BBB}.Debug|Any CPU.Build.0 = Debug|Any CPU
		{1006F6DE-313C-4129-A376-1E7A96572BBB}.Release|Any CPU.ActiveCfg = Release|Any CPU
		{1006F6DE-313C-4129-A376-1E7A96572BBB}.Release|Any CPU.Build.0 = Release|Any CPU
		{65F2C620-B60C-4A03-9567-4355506B73D5}.Debug|Any CPU.ActiveCfg = Debug|Any CPU
		{65F2C620-B60C-4A03-9567-4355506B73D5}.Debug|Any CPU.Build.0 = Debug|Any CPU
		{65F2C620-B60C-4A03-9567-4355506B73D5}.Release|Any CPU.ActiveCfg = Release|Any CPU
		{65F2C620-B60C-4A03-9567-4355506B73D5}.Release|Any CPU.Build.0 = Release|Any CPU
		{8AB83E9D-79C6-4209-8DD5-F47E497400F5}.Debug|Any CPU.ActiveCfg = Debug|Any CPU
		{8AB83E9D-79C6-4209-8DD5-F47E497400F5}.Debug|Any CPU.Build.0 = Debug|Any CPU
		{8AB83E9D-79C6-4209-8DD5-F47E497400F5}.Release|Any CPU.ActiveCfg = Release|Any CPU
		{8AB83E9D-79C6-4209-8DD5-F47E497400F5}.Release|Any CPU.Build.0 = Release|Any CPU
	EndGlobalSection
	GlobalSection(SolutionProperties) = preSolution
		HideSolutionNode = FALSE
	EndGlobalSection
	GlobalSection(ExtensibilityGlobals) = postSolution
		SolutionGuid = {2C44EA2B-7376-4011-9502-B317BF62E3BA}
	EndGlobalSection
EndGlobal
